
Microsoft Visual Studio Solution File, Format Version 12.00
# Visual Studio Version 17
VisualStudioVersion = 17.2.32526.322
MinimumVisualStudioVersion = 10.0.40219.1
Project("{FAE04EC0-301F-11D3-BF4B-00C04F79EFBC}") = "TestDers", "TestDers\TestDers.csproj", "{5CB9F754-06BC-43A9-8EA3-84339834687D}"
EndProject
Global
	GlobalSection(SolutionConfigurationPlatforms) = preSolution
		Debug|Any CPU = Debug|Any CPU
		Release|Any CPU = Release|Any CPU
	EndGlobalSection
	GlobalSection(ProjectConfigurationPlatforms) = postSolution
		{5CB9F754-06BC-43A9-8EA3-84339834687D}.Debug|Any CPU.ActiveCfg = Debug|Any CPU
		{5CB9F754-06BC-43A9-8EA3-84339834687D}.Debug|Any CPU.Build.0 = Debug|Any CPU
		{5CB9F754-06BC-43A9-8EA3-84339834687D}.Release|Any CPU.ActiveCfg = Release|Any CPU
		{5CB9F754-06BC-43A9-8EA3-84339834687D}.Release|Any CPU.Build.0 = Release|Any CPU
	EndGlobalSection
	GlobalSection(SolutionProperties) = preSolution
		HideSolutionNode = FALSE
	EndGlobalSection
	GlobalSection(ExtensibilityGlobals) = postSolution
		SolutionGuid = {3608C4D5-50D8-4149-9A24-C2F7C28264B9}
	EndGlobalSection
EndGlobal
