
Microsoft Visual Studio Solution File, Format Version 12.00
# Visual Studio Version 17
VisualStudioVersion = 17.2.32526.322
MinimumVisualStudioVersion = 10.0.40219.1
Project("{FAE04EC0-301F-11D3-BF4B-00C04F79EFBC}") = "StWEbNEstedLayout", "StWEbNEstedLayout\StWEbNEstedLayout.csproj", "{DF540B1C-5C5F-45AB-8F70-4406417C7123}"
EndProject
Global
	GlobalSection(SolutionConfigurationPlatforms) = preSolution
		Debug|Any CPU = Debug|Any CPU
		Release|Any CPU = Release|Any CPU
	EndGlobalSection
	GlobalSection(ProjectConfigurationPlatforms) = postSolution
		{DF540B1C-5C5F-45AB-8F70-4406417C7123}.Debug|Any CPU.ActiveCfg = Debug|Any CPU
		{DF540B1C-5C5F-45AB-8F70-4406417C7123}.Debug|Any CPU.Build.0 = Debug|Any CPU
		{DF540B1C-5C5F-45AB-8F70-4406417C7123}.Release|Any CPU.ActiveCfg = Release|Any CPU
		{DF540B1C-5C5F-45AB-8F70-4406417C7123}.Release|Any CPU.Build.0 = Release|Any CPU
	EndGlobalSection
	GlobalSection(SolutionProperties) = preSolution
		HideSolutionNode = FALSE
	EndGlobalSection
	GlobalSection(ExtensibilityGlobals) = postSolution
		SolutionGuid = {C88BA66B-5748-408E-9FB5-DFA893ED3F40}
	EndGlobalSection
EndGlobal
